
Microsoft Visual Studio Solution File, Format Version 12.00
# Visual Studio Version 16
VisualStudioVersion = 16.0.30011.22
MinimumVisualStudioVersion = 10.0.40219.1
Project("{FAE04EC0-301F-11D3-BF4B-00C04F79EFBC}") = "provaWeb2tt2", "provaWeb2tt2\provaWeb2tt2.csproj", "{ADEB003B-D1FE-49A1-B321-FA89660D9B87}"
EndProject
Global
	GlobalSection(SolutionConfigurationPlatforms) = preSolution
		Debug|Any CPU = Debug|Any CPU
		Release|Any CPU = Release|Any CPU
	EndGlobalSection
	GlobalSection(ProjectConfigurationPlatforms) = postSolution
		{ADEB003B-D1FE-49A1-B321-FA89660D9B87}.Debug|Any CPU.ActiveCfg = Debug|Any CPU
		{ADEB003B-D1FE-49A1-B321-FA89660D9B87}.Debug|Any CPU.Build.0 = Debug|Any CPU
		{ADEB003B-D1FE-49A1-B321-FA89660D9B87}.Release|Any CPU.ActiveCfg = Release|Any CPU
		{ADEB003B-D1FE-49A1-B321-FA89660D9B87}.Release|Any CPU.Build.0 = Release|Any CPU
	EndGlobalSection
	GlobalSection(SolutionProperties) = preSolution
		HideSolutionNode = FALSE
	EndGlobalSection
	GlobalSection(ExtensibilityGlobals) = postSolution
		SolutionGuid = {2DBAD481-A46F-4EE5-BC38-F3DD01580FB9}
	EndGlobalSection
EndGlobal
